
Microsoft Visual Studio Solution File, Format Version 12.00
# Visual Studio 15
VisualStudioVersion = 15.0.28307.1585
MinimumVisualStudioVersion = 10.0.40219.1
Project("{8BC9CEB8-8B4A-11D0-8D11-00A0C91BC942}") = "DisableWinDefend", "DisableWinDefend\DisableWinDefend.vcxproj", "{7EA539C8-6F37-4DC8-9D02-DE953EEF7502}"
EndProject
Global
	GlobalSection(SolutionConfigurationPlatforms) = preSolution
		Debug|x64 = Debug|x64
		Debug|x86 = Debug|x86
		Release|x64 = Release|x64
		Release|x86 = Release|x86
	EndGlobalSection
	GlobalSection(ProjectConfigurationPlatforms) = postSolution
		{7EA539C8-6F37-4DC8-9D02-DE953EEF7502}.Debug|x64.ActiveCfg = Debug|x64
		{7EA539C8-6F37-4DC8-9D02-DE953EEF7502}.Debug|x64.Build.0 = Debug|x64
		{7EA539C8-6F37-4DC8-9D02-DE953EEF7502}.Debug|x86.ActiveCfg = Release|x64
		{7EA539C8-6F37-4DC8-9D02-DE953EEF7502}.Debug|x86.Build.0 = Release|x64
		{7EA539C8-6F37-4DC8-9D02-DE953EEF7502}.Release|x64.ActiveCfg = Release|x64
		{7EA539C8-6F37-4DC8-9D02-DE953EEF7502}.Release|x64.Build.0 = Release|x64
		{7EA539C8-6F37-4DC8-9D02-DE953EEF7502}.Release|x86.ActiveCfg = Release|Win32
		{7EA539C8-6F37-4DC8-9D02-DE953EEF7502}.Release|x86.Build.0 = Release|Win32
	EndGlobalSection
	GlobalSection(SolutionProperties) = preSolution
		HideSolutionNode = FALSE
	EndGlobalSection
	GlobalSection(ExtensibilityGlobals) = postSolution
		SolutionGuid = {5436E100-DA0D-41E9-B62F-F17BB955CF28}
	EndGlobalSection
EndGlobal
